
Microsoft Visual Studio Solution File, Format Version 12.00
# Visual Studio Version 16
VisualStudioVersion = 16.0.31402.337
MinimumVisualStudioVersion = 10.0.40219.1
Project("{FAE04EC0-301F-11D3-BF4B-00C04F79EFBC}") = "Hanoi_Towers", "Hanoi_Towers\Hanoi_Towers.csproj", "{45604D0B-40CC-4477-80A4-FA90B87F3CF6}"
EndProject
Global
	GlobalSection(SolutionConfigurationPlatforms) = preSolution
		Debug|Any CPU = Debug|Any CPU
		Release|Any CPU = Release|Any CPU
	EndGlobalSection
	GlobalSection(ProjectConfigurationPlatforms) = postSolution
		{45604D0B-40CC-4477-80A4-FA90B87F3CF6}.Debug|Any CPU.ActiveCfg = Debug|Any CPU
		{45604D0B-40CC-4477-80A4-FA90B87F3CF6}.Debug|Any CPU.Build.0 = Debug|Any CPU
		{45604D0B-40CC-4477-80A4-FA90B87F3CF6}.Release|Any CPU.ActiveCfg = Release|Any CPU
		{45604D0B-40CC-4477-80A4-FA90B87F3CF6}.Release|Any CPU.Build.0 = Release|Any CPU
	EndGlobalSection
	GlobalSection(SolutionProperties) = preSolution
		HideSolutionNode = FALSE
	EndGlobalSection
	GlobalSection(ExtensibilityGlobals) = postSolution
		SolutionGuid = {B6FC4B3B-2772-47E4-8A5A-2297365EBA5F}
	EndGlobalSection
EndGlobal
